
Microsoft Visual Studio Solution File, Format Version 12.00
# Visual Studio Version 16
VisualStudioVersion = 16.0.32901.82
MinimumVisualStudioVersion = 10.0.40219.1
Project("{8BC9CEB8-8B4A-11D0-8D11-00A0C91BC942}") = "ExtIO_RedPitaya", "ExtIO_RedPitaya.vcxproj", "{FA808BC2-46FB-4B99-9DF1-E335432930B9}"
EndProject
Project("{8BC9CEB8-8B4A-11D0-8D11-00A0C91BC942}") = "ConsoleApplication1", "C:\Users\guido\source\repos\ConsoleApplication1\ConsoleApplication1.vcxproj", "{4520707E-19B2-448A-B333-6452E7B1C8E3}"
EndProject
Global
	GlobalSection(SolutionConfigurationPlatforms) = preSolution
		Debug|Win32 = Debug|Win32
		Debug|x64 = Debug|x64
		Release|Win32 = Release|Win32
		Release|x64 = Release|x64
	EndGlobalSection
	GlobalSection(ProjectConfigurationPlatforms) = postSolution
		{FA808BC2-46FB-4B99-9DF1-E335432930B9}.Debug|Win32.ActiveCfg = Debug|Win32
		{FA808BC2-46FB-4B99-9DF1-E335432930B9}.Debug|Win32.Build.0 = Debug|Win32
		{FA808BC2-46FB-4B99-9DF1-E335432930B9}.Debug|x64.ActiveCfg = Debug|Win32
		{FA808BC2-46FB-4B99-9DF1-E335432930B9}.Release|Win32.ActiveCfg = Release|Win32
		{FA808BC2-46FB-4B99-9DF1-E335432930B9}.Release|Win32.Build.0 = Release|Win32
		{FA808BC2-46FB-4B99-9DF1-E335432930B9}.Release|x64.ActiveCfg = Release|Win32
		{4520707E-19B2-448A-B333-6452E7B1C8E3}.Debug|Win32.ActiveCfg = Debug|Win32
		{4520707E-19B2-448A-B333-6452E7B1C8E3}.Debug|Win32.Build.0 = Debug|Win32
		{4520707E-19B2-448A-B333-6452E7B1C8E3}.Debug|x64.ActiveCfg = Debug|x64
		{4520707E-19B2-448A-B333-6452E7B1C8E3}.Debug|x64.Build.0 = Debug|x64
		{4520707E-19B2-448A-B333-6452E7B1C8E3}.Release|Win32.ActiveCfg = Release|Win32
		{4520707E-19B2-448A-B333-6452E7B1C8E3}.Release|Win32.Build.0 = Release|Win32
		{4520707E-19B2-448A-B333-6452E7B1C8E3}.Release|x64.ActiveCfg = Release|x64
		{4520707E-19B2-448A-B333-6452E7B1C8E3}.Release|x64.Build.0 = Release|x64
	EndGlobalSection
	GlobalSection(SolutionProperties) = preSolution
		HideSolutionNode = FALSE
	EndGlobalSection
	GlobalSection(ExtensibilityGlobals) = postSolution
		SolutionGuid = {054EA690-DE8B-4CC4-A286-19DC583A9352}
	EndGlobalSection
EndGlobal
